
Microsoft Visual Studio Solution File, Format Version 12.00
# Visual Studio Version 17
VisualStudioVersion = 17.11.35222.181
MinimumVisualStudioVersion = 10.0.40219.1
Project("{E53339B2-1760-4266-BCC7-CA923CBCF16C}") = "docker-compose", "..\docker-compose.dcproj", "{B976CBA1-AB17-4BED-B85C-D9EB741DAE39}"
EndProject
Project("{2150E333-8FDC-42A3-9474-1A3956D46DE8}") = "TelegramBot", "TelegramBot", "{2997EEB7-0645-47CE-84F1-1F67183BAA34}"
EndProject
Project("{2150E333-8FDC-42A3-9474-1A3956D46DE8}") = "Backend", "Backend", "{460B5BD3-581D-4E95-B1B1-7BF655ED321F}"
EndProject
Project("{2150E333-8FDC-42A3-9474-1A3956D46DE8}") = "UserService", "UserService", "{A50A388F-0516-4C46-A0FB-3C7250A76A15}"
EndProject
Project("{2150E333-8FDC-42A3-9474-1A3956D46DE8}") = "GameService", "GameService", "{0C46E69F-6632-4F67-8756-6FE1A7B186CA}"
EndProject
Project("{2150E333-8FDC-42A3-9474-1A3956D46DE8}") = "CombatService", "CombatService", "{B54DF2B1-58E2-4D48-8227-FED089EA9C72}"
EndProject
Project("{2150E333-8FDC-42A3-9474-1A3956D46DE8}") = "NotificationService", "NotificationService", "{DEC3CC1A-2DF8-4B80-A535-497BD0B6E966}"
EndProject
Project("{2150E333-8FDC-42A3-9474-1A3956D46DE8}") = "DungeonService", "DungeonService", "{DABE5009-FB87-4C7E-A045-C2823202A16D}"
EndProject
Project("{FAE04EC0-301F-11D3-BF4B-00C04F79EFBC}") = "UserService.Infrastructure", "src\UserService\UserService.Data\UserService.Infrastructure.csproj", "{218FFEEC-827F-49E5-BBC1-4B2C31D7F278}"
EndProject
Project("{FAE04EC0-301F-11D3-BF4B-00C04F79EFBC}") = "GameService.API", "src\GameService\GameService.API\GameService.API.csproj", "{38C2E681-B2D6-426C-AD6E-649C6FFD216D}"
EndProject
Project("{FAE04EC0-301F-11D3-BF4B-00C04F79EFBC}") = "GameService.Application", "src\GameService\GameService.Application\GameService.Application.csproj", "{E2B851C3-478D-4FB7-9644-2AD3AEA212ED}"
EndProject
Project("{FAE04EC0-301F-11D3-BF4B-00C04F79EFBC}") = "GameService.CORE", "src\GameService\GameService.Core\GameService.CORE.csproj", "{4B2B2FF5-562F-401B-911B-89CF2CA56852}"
EndProject
Project("{FAE04EC0-301F-11D3-BF4B-00C04F79EFBC}") = "GameService.Data", "src\GameService\GameService.Data\GameService.Data.csproj", "{F34A505B-9908-4FBC-8636-7122B1F04E3F}"
EndProject
Project("{FAE04EC0-301F-11D3-BF4B-00C04F79EFBC}") = "GameService.Infrastructure", "src\GameService\GameService.Infrastructure\GameService.Infrastructure.csproj", "{8E9C3808-3260-4369-8676-CE53170557B8}"
EndProject
Project("{2150E333-8FDC-42A3-9474-1A3956D46DE8}") = "EconomicService", "EconomicService", "{1B1375B7-DC62-47E8-B740-96F89883341F}"
EndProject
Project("{FAE04EC0-301F-11D3-BF4B-00C04F79EFBC}") = "UserService.API", "src\UserService\UserService.API\UserService.API.csproj", "{404097C0-24FF-49DE-95E9-ECA8CDEDC69F}"
EndProject
Project("{FAE04EC0-301F-11D3-BF4B-00C04F79EFBC}") = "UserService.Application", "src\UserService\UserService.Application\UserService.Application.csproj", "{B7C5652E-4A79-40DF-B341-0037DA2823FC}"
EndProject
Project("{FAE04EC0-301F-11D3-BF4B-00C04F79EFBC}") = "UserService.Domain", "src\UserService\UserService.Domain\UserService.Domain.csproj", "{0149D6FA-9023-45CB-84B0-6C8462A4D0FF}"
EndProject
Project("{2150E333-8FDC-42A3-9474-1A3956D46DE8}") = "Элементы решения", "Элементы решения", "{720A9471-18D1-42FD-896A-37B52A70ED78}"
	ProjectSection(SolutionItems) = preProject
		..\.env = ..\.env
	EndProjectSection
EndProject
Global
	GlobalSection(SolutionConfigurationPlatforms) = preSolution
		Debug|Any CPU = Debug|Any CPU
		Debug|x64 = Debug|x64
		Debug|x86 = Debug|x86
		Release|Any CPU = Release|Any CPU
		Release|x64 = Release|x64
		Release|x86 = Release|x86
	EndGlobalSection
	GlobalSection(ProjectConfigurationPlatforms) = postSolution
		{B976CBA1-AB17-4BED-B85C-D9EB741DAE39}.Debug|Any CPU.ActiveCfg = Debug|Any CPU
		{B976CBA1-AB17-4BED-B85C-D9EB741DAE39}.Debug|Any CPU.Build.0 = Debug|Any CPU
		{B976CBA1-AB17-4BED-B85C-D9EB741DAE39}.Debug|x64.ActiveCfg = Debug|Any CPU
		{B976CBA1-AB17-4BED-B85C-D9EB741DAE39}.Debug|x64.Build.0 = Debug|Any CPU
		{B976CBA1-AB17-4BED-B85C-D9EB741DAE39}.Debug|x86.ActiveCfg = Debug|Any CPU
		{B976CBA1-AB17-4BED-B85C-D9EB741DAE39}.Debug|x86.Build.0 = Debug|Any CPU
		{B976CBA1-AB17-4BED-B85C-D9EB741DAE39}.Release|Any CPU.ActiveCfg = Release|Any CPU
		{B976CBA1-AB17-4BED-B85C-D9EB741DAE39}.Release|Any CPU.Build.0 = Release|Any CPU
		{B976CBA1-AB17-4BED-B85C-D9EB741DAE39}.Release|x64.ActiveCfg = Release|Any CPU
		{B976CBA1-AB17-4BED-B85C-D9EB741DAE39}.Release|x64.Build.0 = Release|Any CPU
		{B976CBA1-AB17-4BED-B85C-D9EB741DAE39}.Release|x86.ActiveCfg = Release|Any CPU
		{B976CBA1-AB17-4BED-B85C-D9EB741DAE39}.Release|x86.Build.0 = Release|Any CPU
		{218FFEEC-827F-49E5-BBC1-4B2C31D7F278}.Debug|Any CPU.ActiveCfg = Debug|Any CPU
		{218FFEEC-827F-49E5-BBC1-4B2C31D7F278}.Debug|Any CPU.Build.0 = Debug|Any CPU
		{218FFEEC-827F-49E5-BBC1-4B2C31D7F278}.Debug|x64.ActiveCfg = Debug|Any CPU
		{218FFEEC-827F-49E5-BBC1-4B2C31D7F278}.Debug|x64.Build.0 = Debug|Any CPU
		{218FFEEC-827F-49E5-BBC1-4B2C31D7F278}.Debug|x86.ActiveCfg = Debug|Any CPU
		{218FFEEC-827F-49E5-BBC1-4B2C31D7F278}.Debug|x86.Build.0 = Debug|Any CPU
		{218FFEEC-827F-49E5-BBC1-4B2C31D7F278}.Release|Any CPU.ActiveCfg = Release|Any CPU
		{218FFEEC-827F-49E5-BBC1-4B2C31D7F278}.Release|Any CPU.Build.0 = Release|Any CPU
		{218FFEEC-827F-49E5-BBC1-4B2C31D7F278}.Release|x64.ActiveCfg = Release|Any CPU
		{218FFEEC-827F-49E5-BBC1-4B2C31D7F278}.Release|x64.Build.0 = Release|Any CPU
		{218FFEEC-827F-49E5-BBC1-4B2C31D7F278}.Release|x86.ActiveCfg = Release|Any CPU
		{218FFEEC-827F-49E5-BBC1-4B2C31D7F278}.Release|x86.Build.0 = Release|Any CPU
		{38C2E681-B2D6-426C-AD6E-649C6FFD216D}.Debug|Any CPU.ActiveCfg = Debug|Any CPU
		{38C2E681-B2D6-426C-AD6E-649C6FFD216D}.Debug|Any CPU.Build.0 = Debug|Any CPU
		{38C2E681-B2D6-426C-AD6E-649C6FFD216D}.Debug|x64.ActiveCfg = Debug|Any CPU
		{38C2E681-B2D6-426C-AD6E-649C6FFD216D}.Debug|x64.Build.0 = Debug|Any CPU
		{38C2E681-B2D6-426C-AD6E-649C6FFD216D}.Debug|x86.ActiveCfg = Debug|Any CPU
		{38C2E681-B2D6-426C-AD6E-649C6FFD216D}.Debug|x86.Build.0 = Debug|Any CPU
		{38C2E681-B2D6-426C-AD6E-649C6FFD216D}.Release|Any CPU.ActiveCfg = Release|Any CPU
		{38C2E681-B2D6-426C-AD6E-649C6FFD216D}.Release|Any CPU.Build.0 = Release|Any CPU
		{38C2E681-B2D6-426C-AD6E-649C6FFD216D}.Release|x64.ActiveCfg = Release|Any CPU
		{38C2E681-B2D6-426C-AD6E-649C6FFD216D}.Release|x64.Build.0 = Release|Any CPU
		{38C2E681-B2D6-426C-AD6E-649C6FFD216D}.Release|x86.ActiveCfg = Release|Any CPU
		{38C2E681-B2D6-426C-AD6E-649C6FFD216D}.Release|x86.Build.0 = Release|Any CPU
		{E2B851C3-478D-4FB7-9644-2AD3AEA212ED}.Debug|Any CPU.ActiveCfg = Debug|Any CPU
		{E2B851C3-478D-4FB7-9644-2AD3AEA212ED}.Debug|Any CPU.Build.0 = Debug|Any CPU
		{E2B851C3-478D-4FB7-9644-2AD3AEA212ED}.Debug|x64.ActiveCfg = Debug|Any CPU
		{E2B851C3-478D-4FB7-9644-2AD3AEA212ED}.Debug|x64.Build.0 = Debug|Any CPU
		{E2B851C3-478D-4FB7-9644-2AD3AEA212ED}.Debug|x86.ActiveCfg = Debug|Any CPU
		{E2B851C3-478D-4FB7-9644-2AD3AEA212ED}.Debug|x86.Build.0 = Debug|Any CPU
		{E2B851C3-478D-4FB7-9644-2AD3AEA212ED}.Release|Any CPU.ActiveCfg = Release|Any CPU
		{E2B851C3-478D-4FB7-9644-2AD3AEA212ED}.Release|Any CPU.Build.0 = Release|Any CPU
		{E2B851C3-478D-4FB7-9644-2AD3AEA212ED}.Release|x64.ActiveCfg = Release|Any CPU
		{E2B851C3-478D-4FB7-9644-2AD3AEA212ED}.Release|x64.Build.0 = Release|Any CPU
		{E2B851C3-478D-4FB7-9644-2AD3AEA212ED}.Release|x86.ActiveCfg = Release|Any CPU
		{E2B851C3-478D-4FB7-9644-2AD3AEA212ED}.Release|x86.Build.0 = Release|Any CPU
		{4B2B2FF5-562F-401B-911B-89CF2CA56852}.Debug|Any CPU.ActiveCfg = Debug|Any CPU
		{4B2B2FF5-562F-401B-911B-89CF2CA56852}.Debug|Any CPU.Build.0 = Debug|Any CPU
		{4B2B2FF5-562F-401B-911B-89CF2CA56852}.Debug|x64.ActiveCfg = Debug|Any CPU
		{4B2B2FF5-562F-401B-911B-89CF2CA56852}.Debug|x64.Build.0 = Debug|Any CPU
		{4B2B2FF5-562F-401B-911B-89CF2CA56852}.Debug|x86.ActiveCfg = Debug|Any CPU
		{4B2B2FF5-562F-401B-911B-89CF2CA56852}.Debug|x86.Build.0 = Debug|Any CPU
		{4B2B2FF5-562F-401B-911B-89CF2CA56852}.Release|Any CPU.ActiveCfg = Release|Any CPU
		{4B2B2FF5-562F-401B-911B-89CF2CA56852}.Release|Any CPU.Build.0 = Release|Any CPU
		{4B2B2FF5-562F-401B-911B-89CF2CA56852}.Release|x64.ActiveCfg = Release|Any CPU
		{4B2B2FF5-562F-401B-911B-89CF2CA56852}.Release|x64.Build.0 = Release|Any CPU
		{4B2B2FF5-562F-401B-911B-89CF2CA56852}.Release|x86.ActiveCfg = Release|Any CPU
		{4B2B2FF5-562F-401B-911B-89CF2CA56852}.Release|x86.Build.0 = Release|Any CPU
		{F34A505B-9908-4FBC-8636-7122B1F04E3F}.Debug|Any CPU.ActiveCfg = Debug|Any CPU
		{F34A505B-9908-4FBC-8636-7122B1F04E3F}.Debug|Any CPU.Build.0 = Debug|Any CPU
		{F34A505B-9908-4FBC-8636-7122B1F04E3F}.Debug|x64.ActiveCfg = Debug|Any CPU
		{F34A505B-9908-4FBC-8636-7122B1F04E3F}.Debug|x64.Build.0 = Debug|Any CPU
		{F34A505B-9908-4FBC-8636-7122B1F04E3F}.Debug|x86.ActiveCfg = Debug|Any CPU
		{F34A505B-9908-4FBC-8636-7122B1F04E3F}.Debug|x86.Build.0 = Debug|Any CPU
		{F34A505B-9908-4FBC-8636-7122B1F04E3F}.Release|Any CPU.ActiveCfg = Release|Any CPU
		{F34A505B-9908-4FBC-8636-7122B1F04E3F}.Release|Any CPU.Build.0 = Release|Any CPU
		{F34A505B-9908-4FBC-8636-7122B1F04E3F}.Release|x64.ActiveCfg = Release|Any CPU
		{F34A505B-9908-4FBC-8636-7122B1F04E3F}.Release|x64.Build.0 = Release|Any CPU
		{F34A505B-9908-4FBC-8636-7122B1F04E3F}.Release|x86.ActiveCfg = Release|Any CPU
		{F34A505B-9908-4FBC-8636-7122B1F04E3F}.Release|x86.Build.0 = Release|Any CPU
		{8E9C3808-3260-4369-8676-CE53170557B8}.Debug|Any CPU.ActiveCfg = Debug|Any CPU
		{8E9C3808-3260-4369-8676-CE53170557B8}.Debug|Any CPU.Build.0 = Debug|Any CPU
		{8E9C3808-3260-4369-8676-CE53170557B8}.Debug|x64.ActiveCfg = Debug|Any CPU
		{8E9C3808-3260-4369-8676-CE53170557B8}.Debug|x64.Build.0 = Debug|Any CPU
		{8E9C3808-3260-4369-8676-CE53170557B8}.Debug|x86.ActiveCfg = Debug|Any CPU
		{8E9C3808-3260-4369-8676-CE53170557B8}.Debug|x86.Build.0 = Debug|Any CPU
		{8E9C3808-3260-4369-8676-CE53170557B8}.Release|Any CPU.ActiveCfg = Release|Any CPU
		{8E9C3808-3260-4369-8676-CE53170557B8}.Release|Any CPU.Build.0 = Release|Any CPU
		{8E9C3808-3260-4369-8676-CE53170557B8}.Release|x64.ActiveCfg = Release|Any CPU
		{8E9C3808-3260-4369-8676-CE53170557B8}.Release|x64.Build.0 = Release|Any CPU
		{8E9C3808-3260-4369-8676-CE53170557B8}.Release|x86.ActiveCfg = Release|Any CPU
		{8E9C3808-3260-4369-8676-CE53170557B8}.Release|x86.Build.0 = Release|Any CPU
		{404097C0-24FF-49DE-95E9-ECA8CDEDC69F}.Debug|Any CPU.ActiveCfg = Debug|Any CPU
		{404097C0-24FF-49DE-95E9-ECA8CDEDC69F}.Debug|Any CPU.Build.0 = Debug|Any CPU
		{404097C0-24FF-49DE-95E9-ECA8CDEDC69F}.Debug|x64.ActiveCfg = Debug|Any CPU
		{404097C0-24FF-49DE-95E9-ECA8CDEDC69F}.Debug|x64.Build.0 = Debug|Any CPU
		{404097C0-24FF-49DE-95E9-ECA8CDEDC69F}.Debug|x86.ActiveCfg = Debug|Any CPU
		{404097C0-24FF-49DE-95E9-ECA8CDEDC69F}.Debug|x86.Build.0 = Debug|Any CPU
		{404097C0-24FF-49DE-95E9-ECA8CDEDC69F}.Release|Any CPU.ActiveCfg = Release|Any CPU
		{404097C0-24FF-49DE-95E9-ECA8CDEDC69F}.Release|Any CPU.Build.0 = Release|Any CPU
		{404097C0-24FF-49DE-95E9-ECA8CDEDC69F}.Release|x64.ActiveCfg = Release|Any CPU
		{404097C0-24FF-49DE-95E9-ECA8CDEDC69F}.Release|x64.Build.0 = Release|Any CPU
		{404097C0-24FF-49DE-95E9-ECA8CDEDC69F}.Release|x86.ActiveCfg = Release|Any CPU
		{404097C0-24FF-49DE-95E9-ECA8CDEDC69F}.Release|x86.Build.0 = Release|Any CPU
		{B7C5652E-4A79-40DF-B341-0037DA2823FC}.Debug|Any CPU.ActiveCfg = Debug|Any CPU
		{B7C5652E-4A79-40DF-B341-0037DA2823FC}.Debug|Any CPU.Build.0 = Debug|Any CPU
		{B7C5652E-4A79-40DF-B341-0037DA2823FC}.Debug|x64.ActiveCfg = Debug|Any CPU
		{B7C5652E-4A79-40DF-B341-0037DA2823FC}.Debug|x64.Build.0 = Debug|Any CPU
		{B7C5652E-4A79-40DF-B341-0037DA2823FC}.Debug|x86.ActiveCfg = Debug|Any CPU
		{B7C5652E-4A79-40DF-B341-0037DA2823FC}.Debug|x86.Build.0 = Debug|Any CPU
		{B7C5652E-4A79-40DF-B341-0037DA2823FC}.Release|Any CPU.ActiveCfg = Release|Any CPU
		{B7C5652E-4A79-40DF-B341-0037DA2823FC}.Release|Any CPU.Build.0 = Release|Any CPU
		{B7C5652E-4A79-40DF-B341-0037DA2823FC}.Release|x64.ActiveCfg = Release|Any CPU
		{B7C5652E-4A79-40DF-B341-0037DA2823FC}.Release|x64.Build.0 = Release|Any CPU
		{B7C5652E-4A79-40DF-B341-0037DA2823FC}.Release|x86.ActiveCfg = Release|Any CPU
		{B7C5652E-4A79-40DF-B341-0037DA2823FC}.Release|x86.Build.0 = Release|Any CPU
		{0149D6FA-9023-45CB-84B0-6C8462A4D0FF}.Debug|Any CPU.ActiveCfg = Debug|Any CPU
		{0149D6FA-9023-45CB-84B0-6C8462A4D0FF}.Debug|Any CPU.Build.0 = Debug|Any CPU
		{0149D6FA-9023-45CB-84B0-6C8462A4D0FF}.Debug|x64.ActiveCfg = Debug|Any CPU
		{0149D6FA-9023-45CB-84B0-6C8462A4D0FF}.Debug|x64.Build.0 = Debug|Any CPU
		{0149D6FA-9023-45CB-84B0-6C8462A4D0FF}.Debug|x86.ActiveCfg = Debug|Any CPU
		{0149D6FA-9023-45CB-84B0-6C8462A4D0FF}.Debug|x86.Build.0 = Debug|Any CPU
		{0149D6FA-9023-45CB-84B0-6C8462A4D0FF}.Release|Any CPU.ActiveCfg = Release|Any CPU
		{0149D6FA-9023-45CB-84B0-6C8462A4D0FF}.Release|Any CPU.Build.0 = Release|Any CPU
		{0149D6FA-9023-45CB-84B0-6C8462A4D0FF}.Release|x64.ActiveCfg = Release|Any CPU
		{0149D6FA-9023-45CB-84B0-6C8462A4D0FF}.Release|x64.Build.0 = Release|Any CPU
		{0149D6FA-9023-45CB-84B0-6C8462A4D0FF}.Release|x86.ActiveCfg = Release|Any CPU
		{0149D6FA-9023-45CB-84B0-6C8462A4D0FF}.Release|x86.Build.0 = Release|Any CPU
	EndGlobalSection
	GlobalSection(SolutionProperties) = preSolution
		HideSolutionNode = FALSE
	EndGlobalSection
	GlobalSection(NestedProjects) = preSolution
		{A50A388F-0516-4C46-A0FB-3C7250A76A15} = {460B5BD3-581D-4E95-B1B1-7BF655ED321F}
		{0C46E69F-6632-4F67-8756-6FE1A7B186CA} = {460B5BD3-581D-4E95-B1B1-7BF655ED321F}
		{B54DF2B1-58E2-4D48-8227-FED089EA9C72} = {460B5BD3-581D-4E95-B1B1-7BF655ED321F}
		{DEC3CC1A-2DF8-4B80-A535-497BD0B6E966} = {460B5BD3-581D-4E95-B1B1-7BF655ED321F}
		{DABE5009-FB87-4C7E-A045-C2823202A16D} = {460B5BD3-581D-4E95-B1B1-7BF655ED321F}
		{218FFEEC-827F-49E5-BBC1-4B2C31D7F278} = {A50A388F-0516-4C46-A0FB-3C7250A76A15}
		{38C2E681-B2D6-426C-AD6E-649C6FFD216D} = {0C46E69F-6632-4F67-8756-6FE1A7B186CA}
		{E2B851C3-478D-4FB7-9644-2AD3AEA212ED} = {0C46E69F-6632-4F67-8756-6FE1A7B186CA}
		{4B2B2FF5-562F-401B-911B-89CF2CA56852} = {0C46E69F-6632-4F67-8756-6FE1A7B186CA}
		{F34A505B-9908-4FBC-8636-7122B1F04E3F} = {0C46E69F-6632-4F67-8756-6FE1A7B186CA}
		{8E9C3808-3260-4369-8676-CE53170557B8} = {0C46E69F-6632-4F67-8756-6FE1A7B186CA}
		{1B1375B7-DC62-47E8-B740-96F89883341F} = {460B5BD3-581D-4E95-B1B1-7BF655ED321F}
		{404097C0-24FF-49DE-95E9-ECA8CDEDC69F} = {A50A388F-0516-4C46-A0FB-3C7250A76A15}
		{B7C5652E-4A79-40DF-B341-0037DA2823FC} = {A50A388F-0516-4C46-A0FB-3C7250A76A15}
		{0149D6FA-9023-45CB-84B0-6C8462A4D0FF} = {A50A388F-0516-4C46-A0FB-3C7250A76A15}
	EndGlobalSection
	GlobalSection(ExtensibilityGlobals) = postSolution
		SolutionGuid = {7484E0E5-6707-4E4D-A90D-F05BE396C6CA}
	EndGlobalSection
EndGlobal
