
Microsoft Visual Studio Solution File, Format Version 12.00
# Visual Studio Version 17
VisualStudioVersion = 17.11.35222.181
MinimumVisualStudioVersion = 10.0.40219.1
Project("{9A19103F-16F7-4668-BE54-9A1E7A4F7556}") = "TelegramBot.API", "src\TelegramBot.API\TelegramBot.API.csproj", "{012BDAF7-D9A1-43EB-811D-C57E0D9E15DC}"
EndProject
Project("{E53339B2-1760-4266-BCC7-CA923CBCF16C}") = "docker-compose", "..\docker-compose.dcproj", "{B976CBA1-AB17-4BED-B85C-D9EB741DAE39}"
EndProject
Global
	GlobalSection(SolutionConfigurationPlatforms) = preSolution
		Debug|Any CPU = Debug|Any CPU
		Release|Any CPU = Release|Any CPU
	EndGlobalSection
	GlobalSection(ProjectConfigurationPlatforms) = postSolution
		{012BDAF7-D9A1-43EB-811D-C57E0D9E15DC}.Debug|Any CPU.ActiveCfg = Debug|Any CPU
		{012BDAF7-D9A1-43EB-811D-C57E0D9E15DC}.Debug|Any CPU.Build.0 = Debug|Any CPU
		{012BDAF7-D9A1-43EB-811D-C57E0D9E15DC}.Release|Any CPU.ActiveCfg = Release|Any CPU
		{012BDAF7-D9A1-43EB-811D-C57E0D9E15DC}.Release|Any CPU.Build.0 = Release|Any CPU
		{B976CBA1-AB17-4BED-B85C-D9EB741DAE39}.Debug|Any CPU.ActiveCfg = Debug|Any CPU
		{B976CBA1-AB17-4BED-B85C-D9EB741DAE39}.Debug|Any CPU.Build.0 = Debug|Any CPU
		{B976CBA1-AB17-4BED-B85C-D9EB741DAE39}.Release|Any CPU.ActiveCfg = Release|Any CPU
		{B976CBA1-AB17-4BED-B85C-D9EB741DAE39}.Release|Any CPU.Build.0 = Release|Any CPU
	EndGlobalSection
	GlobalSection(SolutionProperties) = preSolution
		HideSolutionNode = FALSE
	EndGlobalSection
	GlobalSection(ExtensibilityGlobals) = postSolution
		SolutionGuid = {7484E0E5-6707-4E4D-A90D-F05BE396C6CA}
	EndGlobalSection
EndGlobal
